
Microsoft Visual Studio Solution File, Format Version 12.00
# Visual Studio 15
VisualStudioVersion = 15.0.28307.271
MinimumVisualStudioVersion = 10.0.40219.1
Project("{8BC9CEB8-8B4A-11D0-8D11-00A0C91BC942}") = "ConsoleApplicationSem2Lab8", "ConsoleApplicationSem2Lab8\ConsoleApplicationSem2Lab8.vcxproj", "{CB3FA69E-0D1C-442A-A60A-B767D58B9772}"
EndProject
Global
	GlobalSection(SolutionConfigurationPlatforms) = preSolution
		Debug|x64 = Debug|x64
		Debug|x86 = Debug|x86
		Release|x64 = Release|x64
		Release|x86 = Release|x86
	EndGlobalSection
	GlobalSection(ProjectConfigurationPlatforms) = postSolution
		{CB3FA69E-0D1C-442A-A60A-B767D58B9772}.Debug|x64.ActiveCfg = Debug|x64
		{CB3FA69E-0D1C-442A-A60A-B767D58B9772}.Debug|x64.Build.0 = Debug|x64
		{CB3FA69E-0D1C-442A-A60A-B767D58B9772}.Debug|x86.ActiveCfg = Debug|Win32
		{CB3FA69E-0D1C-442A-A60A-B767D58B9772}.Debug|x86.Build.0 = Debug|Win32
		{CB3FA69E-0D1C-442A-A60A-B767D58B9772}.Release|x64.ActiveCfg = Release|x64
		{CB3FA69E-0D1C-442A-A60A-B767D58B9772}.Release|x64.Build.0 = Release|x64
		{CB3FA69E-0D1C-442A-A60A-B767D58B9772}.Release|x86.ActiveCfg = Release|Win32
		{CB3FA69E-0D1C-442A-A60A-B767D58B9772}.Release|x86.Build.0 = Release|Win32
	EndGlobalSection
	GlobalSection(SolutionProperties) = preSolution
		HideSolutionNode = FALSE
	EndGlobalSection
	GlobalSection(ExtensibilityGlobals) = postSolution
		SolutionGuid = {FC687D0C-0B7F-4C4F-ACE3-24DC0B418F8D}
	EndGlobalSection
EndGlobal
