
Microsoft Visual Studio Solution File, Format Version 12.00
# Visual Studio 15
VisualStudioVersion = 15.0.28307.271
MinimumVisualStudioVersion = 10.0.40219.1
Project("{8BC9CEB8-8B4A-11D0-8D11-00A0C91BC942}") = "ConsoleApplicationLab6", "ConsoleApplicationLab6\ConsoleApplicationLab6.vcxproj", "{7A541894-D468-48CF-AD8A-9DE5A950A9CD}"
EndProject
Global
	GlobalSection(SolutionConfigurationPlatforms) = preSolution
		Debug|x64 = Debug|x64
		Debug|x86 = Debug|x86
		Release|x64 = Release|x64
		Release|x86 = Release|x86
	EndGlobalSection
	GlobalSection(ProjectConfigurationPlatforms) = postSolution
		{7A541894-D468-48CF-AD8A-9DE5A950A9CD}.Debug|x64.ActiveCfg = Debug|x64
		{7A541894-D468-48CF-AD8A-9DE5A950A9CD}.Debug|x64.Build.0 = Debug|x64
		{7A541894-D468-48CF-AD8A-9DE5A950A9CD}.Debug|x86.ActiveCfg = Debug|Win32
		{7A541894-D468-48CF-AD8A-9DE5A950A9CD}.Debug|x86.Build.0 = Debug|Win32
		{7A541894-D468-48CF-AD8A-9DE5A950A9CD}.Release|x64.ActiveCfg = Release|x64
		{7A541894-D468-48CF-AD8A-9DE5A950A9CD}.Release|x64.Build.0 = Release|x64
		{7A541894-D468-48CF-AD8A-9DE5A950A9CD}.Release|x86.ActiveCfg = Release|Win32
		{7A541894-D468-48CF-AD8A-9DE5A950A9CD}.Release|x86.Build.0 = Release|Win32
	EndGlobalSection
	GlobalSection(SolutionProperties) = preSolution
		HideSolutionNode = FALSE
	EndGlobalSection
	GlobalSection(ExtensibilityGlobals) = postSolution
		SolutionGuid = {39F5D256-DEA7-4165-B614-90F53EB7DA29}
	EndGlobalSection
EndGlobal
