
Microsoft Visual Studio Solution File, Format Version 12.00
# Visual Studio 15
VisualStudioVersion = 15.0.28307.271
MinimumVisualStudioVersion = 10.0.40219.1
Project("{8BC9CEB8-8B4A-11D0-8D11-00A0C91BC942}") = "ConsoleApplicationSem2Lab9", "ConsoleApplicationSem2Lab9\ConsoleApplicationSem2Lab9.vcxproj", "{15FABC26-9E32-4BD8-8F9C-26BBC19396BD}"
EndProject
Global
	GlobalSection(SolutionConfigurationPlatforms) = preSolution
		Debug|x64 = Debug|x64
		Debug|x86 = Debug|x86
		Release|x64 = Release|x64
		Release|x86 = Release|x86
	EndGlobalSection
	GlobalSection(ProjectConfigurationPlatforms) = postSolution
		{15FABC26-9E32-4BD8-8F9C-26BBC19396BD}.Debug|x64.ActiveCfg = Debug|x64
		{15FABC26-9E32-4BD8-8F9C-26BBC19396BD}.Debug|x64.Build.0 = Debug|x64
		{15FABC26-9E32-4BD8-8F9C-26BBC19396BD}.Debug|x86.ActiveCfg = Debug|Win32
		{15FABC26-9E32-4BD8-8F9C-26BBC19396BD}.Debug|x86.Build.0 = Debug|Win32
		{15FABC26-9E32-4BD8-8F9C-26BBC19396BD}.Release|x64.ActiveCfg = Release|x64
		{15FABC26-9E32-4BD8-8F9C-26BBC19396BD}.Release|x64.Build.0 = Release|x64
		{15FABC26-9E32-4BD8-8F9C-26BBC19396BD}.Release|x86.ActiveCfg = Release|Win32
		{15FABC26-9E32-4BD8-8F9C-26BBC19396BD}.Release|x86.Build.0 = Release|Win32
	EndGlobalSection
	GlobalSection(SolutionProperties) = preSolution
		HideSolutionNode = FALSE
	EndGlobalSection
	GlobalSection(ExtensibilityGlobals) = postSolution
		SolutionGuid = {337E3273-72F0-47E3-958B-D73AD6B0ABDE}
	EndGlobalSection
EndGlobal
