
Microsoft Visual Studio Solution File, Format Version 12.00
# Visual Studio 15
VisualStudioVersion = 15.0.28307.271
MinimumVisualStudioVersion = 10.0.40219.1
Project("{8BC9CEB8-8B4A-11D0-8D11-00A0C91BC942}") = "ConsoleApplicationModule1", "ConsoleApplicationModule1\ConsoleApplicationModule1.vcxproj", "{62C022E4-72BE-4007-BD62-06BEE30BBD63}"
EndProject
Global
	GlobalSection(SolutionConfigurationPlatforms) = preSolution
		Debug|x64 = Debug|x64
		Debug|x86 = Debug|x86
		Release|x64 = Release|x64
		Release|x86 = Release|x86
	EndGlobalSection
	GlobalSection(ProjectConfigurationPlatforms) = postSolution
		{62C022E4-72BE-4007-BD62-06BEE30BBD63}.Debug|x64.ActiveCfg = Debug|x64
		{62C022E4-72BE-4007-BD62-06BEE30BBD63}.Debug|x64.Build.0 = Debug|x64
		{62C022E4-72BE-4007-BD62-06BEE30BBD63}.Debug|x86.ActiveCfg = Debug|Win32
		{62C022E4-72BE-4007-BD62-06BEE30BBD63}.Debug|x86.Build.0 = Debug|Win32
		{62C022E4-72BE-4007-BD62-06BEE30BBD63}.Release|x64.ActiveCfg = Release|x64
		{62C022E4-72BE-4007-BD62-06BEE30BBD63}.Release|x64.Build.0 = Release|x64
		{62C022E4-72BE-4007-BD62-06BEE30BBD63}.Release|x86.ActiveCfg = Release|Win32
		{62C022E4-72BE-4007-BD62-06BEE30BBD63}.Release|x86.Build.0 = Release|Win32
	EndGlobalSection
	GlobalSection(SolutionProperties) = preSolution
		HideSolutionNode = FALSE
	EndGlobalSection
	GlobalSection(ExtensibilityGlobals) = postSolution
		SolutionGuid = {B66F4702-CE75-46D5-9A4F-B79A2BBBB458}
	EndGlobalSection
EndGlobal
